
Microsoft Visual Studio Solution File, Format Version 12.00
# Visual Studio Version 16
VisualStudioVersion = 16.0.30804.86
MinimumVisualStudioVersion = 10.0.40219.1
Project("{FAE04EC0-301F-11D3-BF4B-00C04F79EFBC}") = "Assignment 1 - Jackson vdw", "Assignment 1 - Jackson vdw.csproj", "{06901117-9D5E-4D4C-BA3E-A708E7DCD744}"
EndProject
Global
	GlobalSection(SolutionConfigurationPlatforms) = preSolution
		Debug|Any CPU = Debug|Any CPU
		Release|Any CPU = Release|Any CPU
	EndGlobalSection
	GlobalSection(ProjectConfigurationPlatforms) = postSolution
		{06901117-9D5E-4D4C-BA3E-A708E7DCD744}.Debug|Any CPU.ActiveCfg = Debug|Any CPU
		{06901117-9D5E-4D4C-BA3E-A708E7DCD744}.Debug|Any CPU.Build.0 = Debug|Any CPU
		{06901117-9D5E-4D4C-BA3E-A708E7DCD744}.Release|Any CPU.ActiveCfg = Release|Any CPU
		{06901117-9D5E-4D4C-BA3E-A708E7DCD744}.Release|Any CPU.Build.0 = Release|Any CPU
	EndGlobalSection
	GlobalSection(SolutionProperties) = preSolution
		HideSolutionNode = FALSE
	EndGlobalSection
	GlobalSection(ExtensibilityGlobals) = postSolution
		SolutionGuid = {97EADFD3-1207-4517-9229-0725DD61C13C}
	EndGlobalSection
EndGlobal
